
Microsoft Visual Studio Solution File, Format Version 12.00
# Visual Studio 2012
Project("{8BC9CEB8-8B4A-11D0-8D11-00A0C91BC942}") = "serverIOCP", "serverIOCP\serverIOCP.vcxproj", "{119905D2-F997-4320-8A84-D46EDD211128}"
EndProject
Global
	GlobalSection(SolutionConfigurationPlatforms) = preSolution
		Debug|Win32 = Debug|Win32
		Release|Win32 = Release|Win32
	EndGlobalSection
	GlobalSection(ProjectConfigurationPlatforms) = postSolution
		{119905D2-F997-4320-8A84-D46EDD211128}.Debug|Win32.ActiveCfg = Debug|Win32
		{119905D2-F997-4320-8A84-D46EDD211128}.Debug|Win32.Build.0 = Debug|Win32
		{119905D2-F997-4320-8A84-D46EDD211128}.Release|Win32.ActiveCfg = Release|Win32
		{119905D2-F997-4320-8A84-D46EDD211128}.Release|Win32.Build.0 = Release|Win32
	EndGlobalSection
	GlobalSection(SolutionProperties) = preSolution
		HideSolutionNode = FALSE
	EndGlobalSection
EndGlobal
